
Microsoft Visual Studio Solution File, Format Version 12.00
# Visual Studio 15
VisualStudioVersion = 15.0.27428.2043
MinimumVisualStudioVersion = 10.0.40219.1
Project("{9A19103F-16F7-4668-BE54-9A1E7A4F7556}") = "ChatBack.API", "ChatBack.API\ChatBack.API.csproj", "{9A1AD8CF-0FEB-4DEE-BE61-3683782D7F13}"
EndProject
Project("{FAE04EC0-301F-11D3-BF4B-00C04F79EFBC}") = "ChatBack.Test", "ChatBack.Test\ChatBack.Test.csproj", "{760DAF47-3984-4131-8FA5-A6B5C8627D4A}"
EndProject
Global
	GlobalSection(SolutionConfigurationPlatforms) = preSolution
		Debug|Any CPU = Debug|Any CPU
		Release|Any CPU = Release|Any CPU
	EndGlobalSection
	GlobalSection(ProjectConfigurationPlatforms) = postSolution
		{9A1AD8CF-0FEB-4DEE-BE61-3683782D7F13}.Debug|Any CPU.ActiveCfg = Debug|Any CPU
		{9A1AD8CF-0FEB-4DEE-BE61-3683782D7F13}.Debug|Any CPU.Build.0 = Debug|Any CPU
		{9A1AD8CF-0FEB-4DEE-BE61-3683782D7F13}.Release|Any CPU.ActiveCfg = Release|Any CPU
		{9A1AD8CF-0FEB-4DEE-BE61-3683782D7F13}.Release|Any CPU.Build.0 = Release|Any CPU
		{760DAF47-3984-4131-8FA5-A6B5C8627D4A}.Debug|Any CPU.ActiveCfg = Debug|Any CPU
		{760DAF47-3984-4131-8FA5-A6B5C8627D4A}.Debug|Any CPU.Build.0 = Debug|Any CPU
		{760DAF47-3984-4131-8FA5-A6B5C8627D4A}.Release|Any CPU.ActiveCfg = Release|Any CPU
		{760DAF47-3984-4131-8FA5-A6B5C8627D4A}.Release|Any CPU.Build.0 = Release|Any CPU
	EndGlobalSection
	GlobalSection(SolutionProperties) = preSolution
		HideSolutionNode = FALSE
	EndGlobalSection
	GlobalSection(ExtensibilityGlobals) = postSolution
		SolutionGuid = {339C9F79-AA32-43D9-8F73-0F666675C744}
	EndGlobalSection
EndGlobal
